
Microsoft Visual Studio Solution File, Format Version 12.00
# Visual Studio Version 17
VisualStudioVersion = 17.4.33213.308
MinimumVisualStudioVersion = 10.0.40219.1
Project("{FAE04EC0-301F-11D3-BF4B-00C04F79EFBC}") = "MyCoreApp", "MyCoreApp\MyCoreApp.csproj", "{49415ACC-0BD4-492D-9B2A-2074EBB38895}"
EndProject
Global
	GlobalSection(SolutionConfigurationPlatforms) = preSolution
		Debug|Any CPU = Debug|Any CPU
		Release|Any CPU = Release|Any CPU
	EndGlobalSection
	GlobalSection(ProjectConfigurationPlatforms) = postSolution
		{49415ACC-0BD4-492D-9B2A-2074EBB38895}.Debug|Any CPU.ActiveCfg = Debug|Any CPU
		{49415ACC-0BD4-492D-9B2A-2074EBB38895}.Debug|Any CPU.Build.0 = Debug|Any CPU
		{49415ACC-0BD4-492D-9B2A-2074EBB38895}.Release|Any CPU.ActiveCfg = Release|Any CPU
		{49415ACC-0BD4-492D-9B2A-2074EBB38895}.Release|Any CPU.Build.0 = Release|Any CPU
	EndGlobalSection
	GlobalSection(SolutionProperties) = preSolution
		HideSolutionNode = FALSE
	EndGlobalSection
	GlobalSection(ExtensibilityGlobals) = postSolution
		SolutionGuid = {62C3A9E5-F8BD-45FE-A35E-ADA2D5F6AF9E}
	EndGlobalSection
EndGlobal
